{
  "name": "dr-tide-engine",
  "version": "0.1.0",
  "lockfileVersion": 3,
  "requires": true,
  "packages": {
    "": {
      "name": "dr-tide-engine",
      "version": "0.1.0",
      "dependencies": {
        "@neaps/tide-database": "0.8.20260701",
        "@neaps/tide-predictor": "0.10.0"
      },
      "devDependencies": {
        "@types/node": "20.19.9",
        "typescript": "5.9.2"
      },
      "engines": {
        "node": ">=20"
      }
    },
    "node_modules/@neaps/tide-database": {
      "version": "0.8.20260701",
      "resolved": "https://registry.npmjs.org/@neaps/tide-database/-/tide-database-0.8.20260701.tgz",
      "integrity": "sha512-2lPrGqaoqXZoF9BIoVuITHpzYgSYcRhgo3jPohilbaiCP4rVSjOVwbeLxOn6DvuBlvom/FcfgZKoqOqIOr1DEw==",
      "license": "MIT",
      "workspaces": [
        "packages/*"
      ],
      "dependencies": {
        "geokdbush": "^2.0.1",
        "kdbush": "^4.0.2",
        "minisearch": "^7.2.0"
      }
    },
    "node_modules/@neaps/tide-predictor": {
      "version": "0.10.0",
      "resolved": "https://registry.npmjs.org/@neaps/tide-predictor/-/tide-predictor-0.10.0.tgz",
      "integrity": "sha512-CE8IhegaMfDFC6mPTF7qTz0Jn+ntiG+M5FNUkiJfzXiDnOapjMEN2nn6m4Jekl11gYxKtisnQk7+JKa3ehuCcg==",
      "license": "MIT"
    },
    "node_modules/@types/node": {
      "version": "20.19.9",
      "resolved": "https://registry.npmjs.org/@types/node/-/node-20.19.9.tgz",
      "integrity": "sha512-cuVNgarYWZqxRJDQHEB58GEONhOK79QVR/qYx4S7kcUObQvUwvFnYxJuuHUKm2aieN9X3yZB4LZsuYNU1Qphsw==",
      "dev": true,
      "license": "MIT",
      "dependencies": {
        "undici-types": "~6.21.0"
      }
    },
    "node_modules/geokdbush": {
      "version": "2.1.0",
      "resolved": "https://registry.npmjs.org/geokdbush/-/geokdbush-2.1.0.tgz",
      "integrity": "sha512-bMc7mu+SeUxtHwRpVvZ36qnZa/x8YAGuaPNeGDxd9bxp/jYuJ5GrUirUPz6UNiT+nn/79IQ4gCNan0y4alEUxw==",
      "license": "ISC",
      "dependencies": {
        "tinyqueue": "^3.0.0"
      }
    },
    "node_modules/kdbush": {
      "version": "4.1.0",
      "resolved": "https://registry.npmjs.org/kdbush/-/kdbush-4.1.0.tgz",
      "integrity": "sha512-e9vurzrXJQrFX6ckpHP3bvj5l+9CnYzkxDNnNQ1h2QTqdWsUAJgXiKdGNcOa1EY85dU8KbQ+z/FdQdB7P+9yfQ==",
      "license": "ISC"
    },
    "node_modules/minisearch": {
      "version": "7.2.0",
      "resolved": "https://registry.npmjs.org/minisearch/-/minisearch-7.2.0.tgz",
      "integrity": "sha512-dqT2XBYUOZOiC5t2HRnwADjhNS2cecp9u+TJRiJ1Qp/f5qjkeT5APcGPjHw+bz89Ms8Jp+cG4AlE+QZ/QnDglg==",
      "license": "MIT"
    },
    "node_modules/tinyqueue": {
      "version": "3.0.0",
      "resolved": "https://registry.npmjs.org/tinyqueue/-/tinyqueue-3.0.0.tgz",
      "integrity": "sha512-gRa9gwYU3ECmQYv3lslts5hxuIa90veaEcxDYuu3QGOIAEM2mOZkVHp48ANJuu1CURtRdHKUBY5Lm1tHV+sD4g==",
      "license": "ISC"
    },
    "node_modules/typescript": {
      "version": "5.9.2",
      "resolved": "https://registry.npmjs.org/typescript/-/typescript-5.9.2.tgz",
      "integrity": "sha512-CWBzXQrc/qOkhidw1OzBTQuYRbfyxDXJMVJ1XNwUHGROVmuaeiEm3OslpZ1RV96d7SKKjZKrSJu3+t/xlw3R9A==",
      "dev": true,
      "license": "Apache-2.0",
      "bin": {
        "tsc": "bin/tsc",
        "tsserver": "bin/tsserver"
      },
      "engines": {
        "node": ">=14.17"
      }
    },
    "node_modules/undici-types": {
      "version": "6.21.0",
      "resolved": "https://registry.npmjs.org/undici-types/-/undici-types-6.21.0.tgz",
      "integrity": "sha512-iwDZqg0QAGrg9Rav5H4n0M64c3mkR59cJ6wQp+7C4nI0gsmExaedaYLNO44eT4AtBBwjbTiGPMlt2Md0T9H9JQ==",
      "dev": true,
      "license": "MIT"
    }
  }
}
